
Microsoft Visual Studio Solution File, Format Version 12.00
# Visual Studio 15
VisualStudioVersion = 15.0.26730.15
MinimumVisualStudioVersion = 10.0.40219.1
Project("{FAE04EC0-301F-11D3-BF4B-00C04F79EFBC}") = "SushiApp", "SushiApp\SushiApp.csproj", "{3CB55B43-9563-449D-9F0F-28FBFF9572BB}"
EndProject
Global
	GlobalSection(SolutionConfigurationPlatforms) = preSolution
		Debug|Any CPU = Debug|Any CPU
		Release|Any CPU = Release|Any CPU
	EndGlobalSection
	GlobalSection(ProjectConfigurationPlatforms) = postSolution
		{3CB55B43-9563-449D-9F0F-28FBFF9572BB}.Debug|Any CPU.ActiveCfg = Debug|Any CPU
		{3CB55B43-9563-449D-9F0F-28FBFF9572BB}.Debug|Any CPU.Build.0 = Debug|Any CPU
		{3CB55B43-9563-449D-9F0F-28FBFF9572BB}.Release|Any CPU.ActiveCfg = Release|Any CPU
		{3CB55B43-9563-449D-9F0F-28FBFF9572BB}.Release|Any CPU.Build.0 = Release|Any CPU
	EndGlobalSection
	GlobalSection(SolutionProperties) = preSolution
		HideSolutionNode = FALSE
	EndGlobalSection
	GlobalSection(ExtensibilityGlobals) = postSolution
		SolutionGuid = {2132015C-9658-4D7C-B581-98220CA41356}
	EndGlobalSection
EndGlobal
